
Microsoft Visual Studio Solution File, Format Version 12.00
Project("{FAE04EC0-301F-11D3-BF4B-00C04F79EFBC}") = "Tests.Utils.Swd", "Tests.Utils.Swd\Tests.Utils.Swd.csproj", "{61D0E529-6885-4EF1-BB63-0A2D2427B5FD}"
EndProject
Project("{FAE04EC0-301F-11D3-BF4B-00C04F79EFBC}") = "Tests.NUnit.Ui", "Tests.NUnit.Ui\Tests.NUnit.Ui.csproj", "{8C2FB18A-37EE-4E72-A02C-6A578979A80F}"
EndProject
Global
	GlobalSection(SolutionConfigurationPlatforms) = preSolution
		Debug|Any CPU = Debug|Any CPU
		Release|Any CPU = Release|Any CPU
	EndGlobalSection
	GlobalSection(ProjectConfigurationPlatforms) = postSolution
		{61D0E529-6885-4EF1-BB63-0A2D2427B5FD}.Debug|Any CPU.ActiveCfg = Debug|Any CPU
		{61D0E529-6885-4EF1-BB63-0A2D2427B5FD}.Debug|Any CPU.Build.0 = Debug|Any CPU
		{61D0E529-6885-4EF1-BB63-0A2D2427B5FD}.Release|Any CPU.ActiveCfg = Release|Any CPU
		{61D0E529-6885-4EF1-BB63-0A2D2427B5FD}.Release|Any CPU.Build.0 = Release|Any CPU
		{8C2FB18A-37EE-4E72-A02C-6A578979A80F}.Debug|Any CPU.ActiveCfg = Debug|Any CPU
		{8C2FB18A-37EE-4E72-A02C-6A578979A80F}.Debug|Any CPU.Build.0 = Debug|Any CPU
		{8C2FB18A-37EE-4E72-A02C-6A578979A80F}.Release|Any CPU.ActiveCfg = Release|Any CPU
		{8C2FB18A-37EE-4E72-A02C-6A578979A80F}.Release|Any CPU.Build.0 = Release|Any CPU
	EndGlobalSection
EndGlobal
